
Microsoft Visual Studio Solution File, Format Version 12.00
# Visual Studio Version 17
VisualStudioVersion = 17.2.32505.173
MinimumVisualStudioVersion = 10.0.40219.1
Project("{FAE04EC0-301F-11D3-BF4B-00C04F79EFBC}") = "2048 v0.1", "2048 v0.1\2048 v0.1.csproj", "{419A5541-776E-49AD-B3E6-692966D91B97}"
EndProject
Global
	GlobalSection(SolutionConfigurationPlatforms) = preSolution
		Debug|Any CPU = Debug|Any CPU
		Release|Any CPU = Release|Any CPU
	EndGlobalSection
	GlobalSection(ProjectConfigurationPlatforms) = postSolution
		{419A5541-776E-49AD-B3E6-692966D91B97}.Debug|Any CPU.ActiveCfg = Debug|Any CPU
		{419A5541-776E-49AD-B3E6-692966D91B97}.Debug|Any CPU.Build.0 = Debug|Any CPU
		{419A5541-776E-49AD-B3E6-692966D91B97}.Release|Any CPU.ActiveCfg = Release|Any CPU
		{419A5541-776E-49AD-B3E6-692966D91B97}.Release|Any CPU.Build.0 = Release|Any CPU
	EndGlobalSection
	GlobalSection(SolutionProperties) = preSolution
		HideSolutionNode = FALSE
	EndGlobalSection
	GlobalSection(ExtensibilityGlobals) = postSolution
		SolutionGuid = {9F620D50-792C-4A3E-9348-D486058D3DFC}
	EndGlobalSection
EndGlobal
